{
  "name": "代码",
  "lockfileVersion": 2,
  "requires": true,
  "packages": {
    "": {
      "dependencies": {
        "bootstrap": "^3.4.1",
        "vue-router": "^3.5.3"
      }
    },
    "node_modules/bootstrap": {
      "version": "3.4.1",
      "resolved": "https://registry.npmjs.org/bootstrap/-/bootstrap-3.4.1.tgz",
      "integrity": "sha512-yN5oZVmRCwe5aKwzRj6736nSmKDX7pLYwsXiCj/EYmo16hODaBiT4En5btW/jhBF/seV+XMx3aYwukYC3A49DA==",
      "engines": {
        "node": ">=6"
      }
    },
    "node_modules/vue-router": {
      "version": "3.5.3",
      "resolved": "https://registry.npmjs.org/vue-router/-/vue-router-3.5.3.tgz",
      "integrity": "sha512-FUlILrW3DGitS2h+Xaw8aRNvGTwtuaxrRkNSHWTizOfLUie7wuYwezeZ50iflRn8YPV5kxmU2LQuu3nM/b3Zsg=="
    }
  },
  "dependencies": {
    "bootstrap": {
      "version": "3.4.1",
      "resolved": "https://registry.npmjs.org/bootstrap/-/bootstrap-3.4.1.tgz",
      "integrity": "sha512-yN5oZVmRCwe5aKwzRj6736nSmKDX7pLYwsXiCj/EYmo16hODaBiT4En5btW/jhBF/seV+XMx3aYwukYC3A49DA=="
    },
    "vue-router": {
      "version": "3.5.3",
      "resolved": "https://registry.npmjs.org/vue-router/-/vue-router-3.5.3.tgz",
      "integrity": "sha512-FUlILrW3DGitS2h+Xaw8aRNvGTwtuaxrRkNSHWTizOfLUie7wuYwezeZ50iflRn8YPV5kxmU2LQuu3nM/b3Zsg=="
    }
  }
}
